
Microsoft Visual Studio Solution File, Format Version 12.00
# Visual Studio Version 17
VisualStudioVersion = 17.1.32210.238
MinimumVisualStudioVersion = 10.0.40219.1
Project("{FAE04EC0-301F-11D3-BF4B-00C04F79EFBC}") = "PrimeFact", "PrimeFact\PrimeFact.csproj", "{C00CD1F7-142C-46FC-A6F8-5F21A48555D1}"
EndProject
Global
	GlobalSection(SolutionConfigurationPlatforms) = preSolution
		Debug|Any CPU = Debug|Any CPU
		Release|Any CPU = Release|Any CPU
	EndGlobalSection
	GlobalSection(ProjectConfigurationPlatforms) = postSolution
		{C00CD1F7-142C-46FC-A6F8-5F21A48555D1}.Debug|Any CPU.ActiveCfg = Debug|Any CPU
		{C00CD1F7-142C-46FC-A6F8-5F21A48555D1}.Debug|Any CPU.Build.0 = Debug|Any CPU
		{C00CD1F7-142C-46FC-A6F8-5F21A48555D1}.Release|Any CPU.ActiveCfg = Release|Any CPU
		{C00CD1F7-142C-46FC-A6F8-5F21A48555D1}.Release|Any CPU.Build.0 = Release|Any CPU
	EndGlobalSection
	GlobalSection(SolutionProperties) = preSolution
		HideSolutionNode = FALSE
	EndGlobalSection
	GlobalSection(ExtensibilityGlobals) = postSolution
		SolutionGuid = {0D34AA73-9CB0-4057-8AD8-2982283C1981}
	EndGlobalSection
EndGlobal
